
Microsoft Visual Studio Solution File, Format Version 12.00
# Visual Studio Version 17
VisualStudioVersion = 17.12.35707.178 d17.12
MinimumVisualStudioVersion = 10.0.40219.1
Project("{FAE04EC0-301F-11D3-BF4B-00C04F79EFBC}") = "TasksProject", "TasksProject.csproj", "{6F4D3D0D-3FA5-4ECB-A722-5709DDCDAA2A}"
EndProject
Project("{FAE04EC0-301F-11D3-BF4B-00C04F79EFBC}") = "Api", "..\Api\Api.csproj", "{87F5596A-A314-4140-A7A4-A9A71C7D52C0}"
EndProject
Project("{FAE04EC0-301F-11D3-BF4B-00C04F79EFBC}") = "DTO", "..\DTO\DTO.csproj", "{221A0791-2630-4499-A24A-B2E220C38AEB}"
EndProject
Project("{FAE04EC0-301F-11D3-BF4B-00C04F79EFBC}") = "DAL", "..\DAL\DAL.csproj", "{C79029B2-A2DF-4C32-A126-7EDB38B7D140}"
EndProject
Project("{2150E333-8FDC-42A3-9474-1A3956D46DE8}") = "ClientApp", "ClientApp", "{E0BE4835-A0C8-4FF6-AC3D-38D9F2815737}"
EndProject
Project("{FAE04EC0-301F-11D3-BF4B-00C04F79EFBC}") = "BLL", "..\BLL\BLL.csproj", "{F2846531-548C-4150-9744-CC83FE73698C}"
EndProject
Project("{2150E333-8FDC-42A3-9474-1A3956D46DE8}") = "DataBase", "DataBase", "{2D97FFA3-F372-46E2-A3EC-6AA32F6DA464}"
	ProjectSection(SolutionItems) = preProject
		Tasks.json = Tasks.json
	EndProjectSection
EndProject
Global
	GlobalSection(SolutionConfigurationPlatforms) = preSolution
		Debug|Any CPU = Debug|Any CPU
		Debug|ARM = Debug|ARM
		Debug|ARM64 = Debug|ARM64
		Debug|x64 = Debug|x64
		Debug|x86 = Debug|x86
		Release|Any CPU = Release|Any CPU
		Release|ARM = Release|ARM
		Release|ARM64 = Release|ARM64
		Release|x64 = Release|x64
		Release|x86 = Release|x86
	EndGlobalSection
	GlobalSection(ProjectConfigurationPlatforms) = postSolution
		{6F4D3D0D-3FA5-4ECB-A722-5709DDCDAA2A}.Debug|Any CPU.ActiveCfg = Debug|x86
		{6F4D3D0D-3FA5-4ECB-A722-5709DDCDAA2A}.Debug|ARM.ActiveCfg = Debug|ARM
		{6F4D3D0D-3FA5-4ECB-A722-5709DDCDAA2A}.Debug|ARM.Build.0 = Debug|ARM
		{6F4D3D0D-3FA5-4ECB-A722-5709DDCDAA2A}.Debug|ARM.Deploy.0 = Debug|ARM
		{6F4D3D0D-3FA5-4ECB-A722-5709DDCDAA2A}.Debug|ARM64.ActiveCfg = Debug|ARM64
		{6F4D3D0D-3FA5-4ECB-A722-5709DDCDAA2A}.Debug|ARM64.Build.0 = Debug|ARM64
		{6F4D3D0D-3FA5-4ECB-A722-5709DDCDAA2A}.Debug|ARM64.Deploy.0 = Debug|ARM64
		{6F4D3D0D-3FA5-4ECB-A722-5709DDCDAA2A}.Debug|x64.ActiveCfg = Debug|x64
		{6F4D3D0D-3FA5-4ECB-A722-5709DDCDAA2A}.Debug|x64.Build.0 = Debug|x64
		{6F4D3D0D-3FA5-4ECB-A722-5709DDCDAA2A}.Debug|x64.Deploy.0 = Debug|x64
		{6F4D3D0D-3FA5-4ECB-A722-5709DDCDAA2A}.Debug|x86.ActiveCfg = Debug|x86
		{6F4D3D0D-3FA5-4ECB-A722-5709DDCDAA2A}.Debug|x86.Build.0 = Debug|x86
		{6F4D3D0D-3FA5-4ECB-A722-5709DDCDAA2A}.Debug|x86.Deploy.0 = Debug|x86
		{6F4D3D0D-3FA5-4ECB-A722-5709DDCDAA2A}.Release|Any CPU.ActiveCfg = Release|x86
		{6F4D3D0D-3FA5-4ECB-A722-5709DDCDAA2A}.Release|ARM.ActiveCfg = Release|ARM
		{6F4D3D0D-3FA5-4ECB-A722-5709DDCDAA2A}.Release|ARM.Build.0 = Release|ARM
		{6F4D3D0D-3FA5-4ECB-A722-5709DDCDAA2A}.Release|ARM.Deploy.0 = Release|ARM
		{6F4D3D0D-3FA5-4ECB-A722-5709DDCDAA2A}.Release|ARM64.ActiveCfg = Release|ARM64
		{6F4D3D0D-3FA5-4ECB-A722-5709DDCDAA2A}.Release|ARM64.Build.0 = Release|ARM64
		{6F4D3D0D-3FA5-4ECB-A722-5709DDCDAA2A}.Release|ARM64.Deploy.0 = Release|ARM64
		{6F4D3D0D-3FA5-4ECB-A722-5709DDCDAA2A}.Release|x64.ActiveCfg = Release|x64
		{6F4D3D0D-3FA5-4ECB-A722-5709DDCDAA2A}.Release|x64.Build.0 = Release|x64
		{6F4D3D0D-3FA5-4ECB-A722-5709DDCDAA2A}.Release|x64.Deploy.0 = Release|x64
		{6F4D3D0D-3FA5-4ECB-A722-5709DDCDAA2A}.Release|x86.ActiveCfg = Release|x86
		{6F4D3D0D-3FA5-4ECB-A722-5709DDCDAA2A}.Release|x86.Build.0 = Release|x86
		{6F4D3D0D-3FA5-4ECB-A722-5709DDCDAA2A}.Release|x86.Deploy.0 = Release|x86
		{87F5596A-A314-4140-A7A4-A9A71C7D52C0}.Debug|Any CPU.ActiveCfg = Debug|Any CPU
		{87F5596A-A314-4140-A7A4-A9A71C7D52C0}.Debug|Any CPU.Build.0 = Debug|Any CPU
		{87F5596A-A314-4140-A7A4-A9A71C7D52C0}.Debug|ARM.ActiveCfg = Debug|Any CPU
		{87F5596A-A314-4140-A7A4-A9A71C7D52C0}.Debug|ARM.Build.0 = Debug|Any CPU
		{87F5596A-A314-4140-A7A4-A9A71C7D52C0}.Debug|ARM64.ActiveCfg = Debug|Any CPU
		{87F5596A-A314-4140-A7A4-A9A71C7D52C0}.Debug|ARM64.Build.0 = Debug|Any CPU
		{87F5596A-A314-4140-A7A4-A9A71C7D52C0}.Debug|x64.ActiveCfg = Debug|Any CPU
		{87F5596A-A314-4140-A7A4-A9A71C7D52C0}.Debug|x64.Build.0 = Debug|Any CPU
		{87F5596A-A314-4140-A7A4-A9A71C7D52C0}.Debug|x86.ActiveCfg = Debug|Any CPU
		{87F5596A-A314-4140-A7A4-A9A71C7D52C0}.Debug|x86.Build.0 = Debug|Any CPU
		{87F5596A-A314-4140-A7A4-A9A71C7D52C0}.Release|Any CPU.ActiveCfg = Release|Any CPU
		{87F5596A-A314-4140-A7A4-A9A71C7D52C0}.Release|Any CPU.Build.0 = Release|Any CPU
		{87F5596A-A314-4140-A7A4-A9A71C7D52C0}.Release|ARM.ActiveCfg = Release|Any CPU
		{87F5596A-A314-4140-A7A4-A9A71C7D52C0}.Release|ARM.Build.0 = Release|Any CPU
		{87F5596A-A314-4140-A7A4-A9A71C7D52C0}.Release|ARM64.ActiveCfg = Release|Any CPU
		{87F5596A-A314-4140-A7A4-A9A71C7D52C0}.Release|ARM64.Build.0 = Release|Any CPU
		{87F5596A-A314-4140-A7A4-A9A71C7D52C0}.Release|x64.ActiveCfg = Release|Any CPU
		{87F5596A-A314-4140-A7A4-A9A71C7D52C0}.Release|x64.Build.0 = Release|Any CPU
		{87F5596A-A314-4140-A7A4-A9A71C7D52C0}.Release|x86.ActiveCfg = Release|Any CPU
		{87F5596A-A314-4140-A7A4-A9A71C7D52C0}.Release|x86.Build.0 = Release|Any CPU
		{221A0791-2630-4499-A24A-B2E220C38AEB}.Debug|Any CPU.ActiveCfg = Debug|Any CPU
		{221A0791-2630-4499-A24A-B2E220C38AEB}.Debug|Any CPU.Build.0 = Debug|Any CPU
		{221A0791-2630-4499-A24A-B2E220C38AEB}.Debug|ARM.ActiveCfg = Debug|Any CPU
		{221A0791-2630-4499-A24A-B2E220C38AEB}.Debug|ARM.Build.0 = Debug|Any CPU
		{221A0791-2630-4499-A24A-B2E220C38AEB}.Debug|ARM64.ActiveCfg = Debug|Any CPU
		{221A0791-2630-4499-A24A-B2E220C38AEB}.Debug|ARM64.Build.0 = Debug|Any CPU
		{221A0791-2630-4499-A24A-B2E220C38AEB}.Debug|x64.ActiveCfg = Debug|Any CPU
		{221A0791-2630-4499-A24A-B2E220C38AEB}.Debug|x64.Build.0 = Debug|Any CPU
		{221A0791-2630-4499-A24A-B2E220C38AEB}.Debug|x86.ActiveCfg = Debug|Any CPU
		{221A0791-2630-4499-A24A-B2E220C38AEB}.Debug|x86.Build.0 = Debug|Any CPU
		{221A0791-2630-4499-A24A-B2E220C38AEB}.Release|Any CPU.ActiveCfg = Release|Any CPU
		{221A0791-2630-4499-A24A-B2E220C38AEB}.Release|Any CPU.Build.0 = Release|Any CPU
		{221A0791-2630-4499-A24A-B2E220C38AEB}.Release|ARM.ActiveCfg = Release|Any CPU
		{221A0791-2630-4499-A24A-B2E220C38AEB}.Release|ARM.Build.0 = Release|Any CPU
		{221A0791-2630-4499-A24A-B2E220C38AEB}.Release|ARM64.ActiveCfg = Release|Any CPU
		{221A0791-2630-4499-A24A-B2E220C38AEB}.Release|ARM64.Build.0 = Release|Any CPU
		{221A0791-2630-4499-A24A-B2E220C38AEB}.Release|x64.ActiveCfg = Release|Any CPU
		{221A0791-2630-4499-A24A-B2E220C38AEB}.Release|x64.Build.0 = Release|Any CPU
		{221A0791-2630-4499-A24A-B2E220C38AEB}.Release|x86.ActiveCfg = Release|Any CPU
		{221A0791-2630-4499-A24A-B2E220C38AEB}.Release|x86.Build.0 = Release|Any CPU
		{C79029B2-A2DF-4C32-A126-7EDB38B7D140}.Debug|Any CPU.ActiveCfg = Debug|Any CPU
		{C79029B2-A2DF-4C32-A126-7EDB38B7D140}.Debug|Any CPU.Build.0 = Debug|Any CPU
		{C79029B2-A2DF-4C32-A126-7EDB38B7D140}.Debug|ARM.ActiveCfg = Debug|Any CPU
		{C79029B2-A2DF-4C32-A126-7EDB38B7D140}.Debug|ARM.Build.0 = Debug|Any CPU
		{C79029B2-A2DF-4C32-A126-7EDB38B7D140}.Debug|ARM64.ActiveCfg = Debug|Any CPU
		{C79029B2-A2DF-4C32-A126-7EDB38B7D140}.Debug|ARM64.Build.0 = Debug|Any CPU
		{C79029B2-A2DF-4C32-A126-7EDB38B7D140}.Debug|x64.ActiveCfg = Debug|Any CPU
		{C79029B2-A2DF-4C32-A126-7EDB38B7D140}.Debug|x64.Build.0 = Debug|Any CPU
		{C79029B2-A2DF-4C32-A126-7EDB38B7D140}.Debug|x86.ActiveCfg = Debug|Any CPU
		{C79029B2-A2DF-4C32-A126-7EDB38B7D140}.Debug|x86.Build.0 = Debug|Any CPU
		{C79029B2-A2DF-4C32-A126-7EDB38B7D140}.Release|Any CPU.ActiveCfg = Release|Any CPU
		{C79029B2-A2DF-4C32-A126-7EDB38B7D140}.Release|Any CPU.Build.0 = Release|Any CPU
		{C79029B2-A2DF-4C32-A126-7EDB38B7D140}.Release|ARM.ActiveCfg = Release|Any CPU
		{C79029B2-A2DF-4C32-A126-7EDB38B7D140}.Release|ARM.Build.0 = Release|Any CPU
		{C79029B2-A2DF-4C32-A126-7EDB38B7D140}.Release|ARM64.ActiveCfg = Release|Any CPU
		{C79029B2-A2DF-4C32-A126-7EDB38B7D140}.Release|ARM64.Build.0 = Release|Any CPU
		{C79029B2-A2DF-4C32-A126-7EDB38B7D140}.Release|x64.ActiveCfg = Release|Any CPU
		{C79029B2-A2DF-4C32-A126-7EDB38B7D140}.Release|x64.Build.0 = Release|Any CPU
		{C79029B2-A2DF-4C32-A126-7EDB38B7D140}.Release|x86.ActiveCfg = Release|Any CPU
		{C79029B2-A2DF-4C32-A126-7EDB38B7D140}.Release|x86.Build.0 = Release|Any CPU
		{F2846531-548C-4150-9744-CC83FE73698C}.Debug|Any CPU.ActiveCfg = Debug|Any CPU
		{F2846531-548C-4150-9744-CC83FE73698C}.Debug|Any CPU.Build.0 = Debug|Any CPU
		{F2846531-548C-4150-9744-CC83FE73698C}.Debug|ARM.ActiveCfg = Debug|Any CPU
		{F2846531-548C-4150-9744-CC83FE73698C}.Debug|ARM.Build.0 = Debug|Any CPU
		{F2846531-548C-4150-9744-CC83FE73698C}.Debug|ARM64.ActiveCfg = Debug|Any CPU
		{F2846531-548C-4150-9744-CC83FE73698C}.Debug|ARM64.Build.0 = Debug|Any CPU
		{F2846531-548C-4150-9744-CC83FE73698C}.Debug|x64.ActiveCfg = Debug|Any CPU
		{F2846531-548C-4150-9744-CC83FE73698C}.Debug|x64.Build.0 = Debug|Any CPU
		{F2846531-548C-4150-9744-CC83FE73698C}.Debug|x86.ActiveCfg = Debug|Any CPU
		{F2846531-548C-4150-9744-CC83FE73698C}.Debug|x86.Build.0 = Debug|Any CPU
		{F2846531-548C-4150-9744-CC83FE73698C}.Release|Any CPU.ActiveCfg = Release|Any CPU
		{F2846531-548C-4150-9744-CC83FE73698C}.Release|Any CPU.Build.0 = Release|Any CPU
		{F2846531-548C-4150-9744-CC83FE73698C}.Release|ARM.ActiveCfg = Release|Any CPU
		{F2846531-548C-4150-9744-CC83FE73698C}.Release|ARM.Build.0 = Release|Any CPU
		{F2846531-548C-4150-9744-CC83FE73698C}.Release|ARM64.ActiveCfg = Release|Any CPU
		{F2846531-548C-4150-9744-CC83FE73698C}.Release|ARM64.Build.0 = Release|Any CPU
		{F2846531-548C-4150-9744-CC83FE73698C}.Release|x64.ActiveCfg = Release|Any CPU
		{F2846531-548C-4150-9744-CC83FE73698C}.Release|x64.Build.0 = Release|Any CPU
		{F2846531-548C-4150-9744-CC83FE73698C}.Release|x86.ActiveCfg = Release|Any CPU
		{F2846531-548C-4150-9744-CC83FE73698C}.Release|x86.Build.0 = Release|Any CPU
	EndGlobalSection
	GlobalSection(SolutionProperties) = preSolution
		HideSolutionNode = FALSE
	EndGlobalSection
	GlobalSection(ExtensibilityGlobals) = postSolution
		SolutionGuid = {655312E8-2B00-4634-9F7C-0C25E8A69232}
	EndGlobalSection
EndGlobal
